// !$*UTF8*$!
{
	archiveVersion = 1;
	classes = {
	};
	objectVersion = 50;
	objects = {

/* Begin PBXBuildFile section */
		FA1067D5225D794F00D9A17D /* MaterialFields.h in Headers */ = {isa = PBXBuildFile; fileRef = FA1067D3225D794F00D9A17D /* MaterialFields.h */; settings = {ATTRIBUTES = (Public, ); }; };
		FA1067E5225E71F700D9A17D /* AreaField.swift in Sources */ = {isa = PBXBuildFile; fileRef = FA1067E1225E71F700D9A17D /* AreaField.swift */; };
		FA1067E6225E71F700D9A17D /* PickerField.swift in Sources */ = {isa = PBXBuildFile; fileRef = FA1067E2225E71F700D9A17D /* PickerField.swift */; };
		FA1067E7225E71F700D9A17D /* DateField.swift in Sources */ = {isa = PBXBuildFile; fileRef = FA1067E3225E71F700D9A17D /* DateField.swift */; };
		FA1067E8225E71F700D9A17D /* EntryField.swift in Sources */ = {isa = PBXBuildFile; fileRef = FA1067E4225E71F700D9A17D /* EntryField.swift */; };
		FA1067EC225E725900D9A17D /* Extensions.swift in Sources */ = {isa = PBXBuildFile; fileRef = FA1067EB225E725900D9A17D /* Extensions.swift */; };
		FAF13F5A2276702B00978F3D /* Field.swift in Sources */ = {isa = PBXBuildFile; fileRef = FAF13F592276702B00978F3D /* Field.swift */; };
/* End PBXBuildFile section */

/* Begin PBXFileReference section */
		FA1067D0225D794F00D9A17D /* MaterialFields.framework */ = {isa = PBXFileReference; explicitFileType = wrapper.framework; includeInIndex = 0; path = MaterialFields.framework; sourceTree = BUILT_PRODUCTS_DIR; };
		FA1067D3225D794F00D9A17D /* MaterialFields.h */ = {isa = PBXFileReference; lastKnownFileType = sourcecode.c.h; path = MaterialFields.h; sourceTree = "<group>"; };
		FA1067D4225D794F00D9A17D /* Info.plist */ = {isa = PBXFileReference; lastKnownFileType = text.plist.xml; path = Info.plist; sourceTree = "<group>"; };
		FA1067E1225E71F700D9A17D /* AreaField.swift */ = {isa = PBXFileReference; fileEncoding = 4; lastKnownFileType = sourcecode.swift; path = AreaField.swift; sourceTree = "<group>"; };
		FA1067E2225E71F700D9A17D /* PickerField.swift */ = {isa = PBXFileReference; fileEncoding = 4; lastKnownFileType = sourcecode.swift; path = PickerField.swift; sourceTree = "<group>"; };
		FA1067E3225E71F700D9A17D /* DateField.swift */ = {isa = PBXFileReference; fileEncoding = 4; lastKnownFileType = sourcecode.swift; path = DateField.swift; sourceTree = "<group>"; };
		FA1067E4225E71F700D9A17D /* EntryField.swift */ = {isa = PBXFileReference; fileEncoding = 4; lastKnownFileType = sourcecode.swift; path = EntryField.swift; sourceTree = "<group>"; };
		FA1067EB225E725900D9A17D /* Extensions.swift */ = {isa = PBXFileReference; lastKnownFileType = sourcecode.swift; path = Extensions.swift; sourceTree = "<group>"; };
		FAF13F592276702B00978F3D /* Field.swift */ = {isa = PBXFileReference; lastKnownFileType = sourcecode.swift; path = Field.swift; sourceTree = "<group>"; };
/* End PBXFileReference section */

/* Begin PBXFrameworksBuildPhase section */
		FA1067CD225D794F00D9A17D /* Frameworks */ = {
			isa = PBXFrameworksBuildPhase;
			buildActionMask = 2147483647;
			files = (
			);
			runOnlyForDeploymentPostprocessing = 0;
		};
/* End PBXFrameworksBuildPhase section */

/* Begin PBXGroup section */
		FA1067C6225D794F00D9A17D = {
			isa = PBXGroup;
			children = (
				FA1067D2225D794F00D9A17D /* MaterialFields */,
				FA1067D1225D794F00D9A17D /* Products */,
			);
			sourceTree = "<group>";
		};
		FA1067D1225D794F00D9A17D /* Products */ = {
			isa = PBXGroup;
			children = (
				FA1067D0225D794F00D9A17D /* MaterialFields.framework */,
			);
			name = Products;
			sourceTree = "<group>";
		};
		FA1067D2225D794F00D9A17D /* MaterialFields */ = {
			isa = PBXGroup;
			children = (
				FA1067E0225E71F700D9A17D /* Fields */,
				FA1067D3225D794F00D9A17D /* MaterialFields.h */,
				FA1067D4225D794F00D9A17D /* Info.plist */,
			);
			path = MaterialFields;
			sourceTree = "<group>";
		};
		FA1067E0225E71F700D9A17D /* Fields */ = {
			isa = PBXGroup;
			children = (
				FA1067E4225E71F700D9A17D /* EntryField.swift */,
				FA1067E1225E71F700D9A17D /* AreaField.swift */,
				FA1067E2225E71F700D9A17D /* PickerField.swift */,
				FA1067E3225E71F700D9A17D /* DateField.swift */,
				FA1067EB225E725900D9A17D /* Extensions.swift */,
				FAF13F592276702B00978F3D /* Field.swift */,
			);
			path = Fields;
			sourceTree = "<group>";
		};
/* End PBXGroup section */

/* Begin PBXHeadersBuildPhase section */
		FA1067CB225D794F00D9A17D /* Headers */ = {
			isa = PBXHeadersBuildPhase;
			buildActionMask = 2147483647;
			files = (
				FA1067D5225D794F00D9A17D /* MaterialFields.h in Headers */,
			);
			runOnlyForDeploymentPostprocessing = 0;
		};
/* End PBXHeadersBuildPhase section */

/* Begin PBXNativeTarget section */
		FA1067CF225D794F00D9A17D /* MaterialFields */ = {
			isa = PBXNativeTarget;
			buildConfigurationList = FA1067D8225D794F00D9A17D /* Build configuration list for PBXNativeTarget "MaterialFields" */;
			buildPhases = (
				FA1067CB225D794F00D9A17D /* Headers */,
				FA1067CC225D794F00D9A17D /* Sources */,
				FA1067CD225D794F00D9A17D /* Frameworks */,
				FA1067CE225D794F00D9A17D /* Resources */,
			);
			buildRules = (
			);
			dependencies = (
			);
			name = MaterialFields;
			productName = MaterialFields;
			productReference = FA1067D0225D794F00D9A17D /* MaterialFields.framework */;
			productType = "com.apple.product-type.framework";
		};
/* End PBXNativeTarget section */

/* Begin PBXProject section */
		FA1067C7225D794F00D9A17D /* Project object */ = {
			isa = PBXProject;
			attributes = {
				LastUpgradeCheck = 1020;
				ORGANIZATIONNAME = alex;
				TargetAttributes = {
					FA1067CF225D794F00D9A17D = {
						CreatedOnToolsVersion = 10.2;
					};
				};
			};
			buildConfigurationList = FA1067CA225D794F00D9A17D /* Build configuration list for PBXProject "MaterialFields" */;
			compatibilityVersion = "Xcode 9.3";
			developmentRegion = en;
			hasScannedForEncodings = 0;
			knownRegions = (
				en,
			);
			mainGroup = FA1067C6225D794F00D9A17D;
			productRefGroup = FA1067D1225D794F00D9A17D /* Products */;
			projectDirPath = "";
			projectRoot = "";
			targets = (
				FA1067CF225D794F00D9A17D /* MaterialFields */,
			);
		};
/* End PBXProject section */

/* Begin PBXResourcesBuildPhase section */
		FA1067CE225D794F00D9A17D /* Resources */ = {
			isa = PBXResourcesBuildPhase;
			buildActionMask = 2147483647;
			files = (
			);
			runOnlyForDeploymentPostprocessing = 0;
		};
/* End PBXResourcesBuildPhase section */

/* Begin PBXSourcesBuildPhase section */
		FA1067CC225D794F00D9A17D /* Sources */ = {
			isa = PBXSourcesBuildPhase;
			buildActionMask = 2147483647;
			files = (
				FA1067EC225E725900D9A17D /* Extensions.swift in Sources */,
				FA1067E7225E71F700D9A17D /* DateField.swift in Sources */,
				FAF13F5A2276702B00978F3D /* Field.swift in Sources */,
				FA1067E8225E71F700D9A17D /* EntryField.swift in Sources */,
				FA1067E6225E71F700D9A17D /* PickerField.swift in Sources */,
				FA1067E5225E71F700D9A17D /* AreaField.swift in Sources */,
			);
			runOnlyForDeploymentPostprocessing = 0;
		};
/* End PBXSourcesBuildPhase section */

/* Begin XCBuildConfiguration section */
		FA1067D6225D794F00D9A17D /* Debug */ = {
			isa = XCBuildConfiguration;
			buildSettings = {
				ALWAYS_SEARCH_USER_PATHS = NO;
				CLANG_ANALYZER_NONNULL = YES;
				CLANG_ANALYZER_NUMBER_OBJECT_CONVERSION = YES_AGGRESSIVE;
				CLANG_CXX_LANGUAGE_STANDARD = "gnu++14";
				CLANG_CXX_LIBRARY = "libc++";
				CLANG_ENABLE_MODULES = YES;
				CLANG_ENABLE_OBJC_ARC = YES;
				CLANG_ENABLE_OBJC_WEAK = YES;
				CLANG_WARN_BLOCK_CAPTURE_AUTORELEASING = YES;
				CLANG_WARN_BOOL_CONVERSION = YES;
				CLANG_WARN_COMMA = YES;
				CLANG_WARN_CONSTANT_CONVERSION = YES;
				CLANG_WARN_DEPRECATED_OBJC_IMPLEMENTATIONS = YES;
				CLANG_WARN_DIRECT_OBJC_ISA_USAGE = YES_ERROR;
				CLANG_WARN_DOCUMENTATION_COMMENTS = YES;
				CLANG_WARN_EMPTY_BODY = YES;
				CLANG_WARN_ENUM_CONVERSION = YES;
				CLANG_WARN_INFINITE_RECURSION = YES;
				CLANG_WARN_INT_CONVERSION = YES;
				CLANG_WARN_NON_LITERAL_NULL_CONVERSION = YES;
				CLANG_WARN_OBJC_IMPLICIT_RETAIN_SELF = YES;
				CLANG_WARN_OBJC_LITERAL_CONVERSION = YES;
				CLANG_WARN_OBJC_ROOT_CLASS = YES_ERROR;
				CLANG_WARN_RANGE_LOOP_ANALYSIS = YES;
				CLANG_WARN_STRICT_PROTOTYPES = YES;
				CLANG_WARN_SUSPICIOUS_MOVE = YES;
				CLANG_WARN_UNGUARDED_AVAILABILITY = YES_AGGRESSIVE;
				CLANG_WARN_UNREACHABLE_CODE = YES;
				CLANG_WARN__DUPLICATE_METHOD_MATCH = YES;
				CODE_SIGN_IDENTITY = "iPhone Developer";
				COPY_PHASE_STRIP = NO;
				CURRENT_PROJECT_VERSION = 1;
				DEBUG_INFORMATION_FORMAT = dwarf;
				ENABLE_STRICT_OBJC_MSGSEND = YES;
				ENABLE_TESTABILITY = YES;
				GCC_C_LANGUAGE_STANDARD = gnu11;
				GCC_DYNAMIC_NO_PIC = NO;
				GCC_NO_COMMON_BLOCKS = YES;
				GCC_OPTIMIZATION_LEVEL = 0;
				GCC_PREPROCESSOR_DEFINITIONS = (
					"DEBUG=1",
					"$(inherited)",
				);
				GCC_WARN_64_TO_32_BIT_CONVERSION = YES;
				GCC_WARN_ABOUT_RETURN_TYPE = YES_ERROR;
				GCC_WARN_UNDECLARED_SELECTOR = YES;
				GCC_WARN_UNINITIALIZED_AUTOS = YES_AGGRESSIVE;
				GCC_WARN_UNUSED_FUNCTION = YES;
				GCC_WARN_UNUSED_VARIABLE = YES;
				IPHONEOS_DEPLOYMENT_TARGET = 12.2;
				MTL_ENABLE_DEBUG_INFO = INCLUDE_SOURCE;
				MTL_FAST_MATH = YES;
				ONLY_ACTIVE_ARCH = YES;
				SDKROOT = iphoneos;
				SWIFT_ACTIVE_COMPILATION_CONDITIONS = DEBUG;
				SWIFT_OPTIMIZATION_LEVEL = "-Onone";
				VERSIONING_SYSTEM = "apple-generic";
				VERSION_INFO_PREFIX = "";
			};
			name = Debug;
		};
		FA1067D7225D794F00D9A17D /* Release */ = {
			isa = XCBuildConfiguration;
			buildSettings = {
				ALWAYS_SEARCH_USER_PATHS = NO;
				CLANG_ANALYZER_NONNULL = YES;
				CLANG_ANALYZER_NUMBER_OBJECT_CONVERSION = YES_AGGRESSIVE;
				CLANG_CXX_LANGUAGE_STANDARD = "gnu++14";
				CLANG_CXX_LIBRARY = "libc++";
				CLANG_ENABLE_MODULES = YES;
				CLANG_ENABLE_OBJC_ARC = YES;
				CLANG_ENABLE_OBJC_WEAK = YES;
				CLANG_WARN_BLOCK_CAPTURE_AUTORELEASING = YES;
				CLANG_WARN_BOOL_CONVERSION = YES;
				CLANG_WARN_COMMA = YES;
				CLANG_WARN_CONSTANT_CONVERSION = YES;
				CLANG_WARN_DEPRECATED_OBJC_IMPLEMENTATIONS = YES;
				CLANG_WARN_DIRECT_OBJC_ISA_USAGE = YES_ERROR;
				CLANG_WARN_DOCUMENTATION_COMMENTS = YES;
				CLANG_WARN_EMPTY_BODY = YES;
				CLANG_WARN_ENUM_CONVERSION = YES;
				CLANG_WARN_INFINITE_RECURSION = YES;
				CLANG_WARN_INT_CONVERSION = YES;
				CLANG_WARN_NON_LITERAL_NULL_CONVERSION = YES;
				CLANG_WARN_OBJC_IMPLICIT_RETAIN_SELF = YES;
				CLANG_WARN_OBJC_LITERAL_CONVERSION = YES;
				CLANG_WARN_OBJC_ROOT_CLASS = YES_ERROR;
				CLANG_WARN_RANGE_LOOP_ANALYSIS = YES;
				CLANG_WARN_STRICT_PROTOTYPES = YES;
				CLANG_WARN_SUSPICIOUS_MOVE = YES;
				CLANG_WARN_UNGUARDED_AVAILABILITY = YES_AGGRESSIVE;
				CLANG_WARN_UNREACHABLE_CODE = YES;
				CLANG_WARN__DUPLICATE_METHOD_MATCH = YES;
				CODE_SIGN_IDENTITY = "iPhone Developer";
				COPY_PHASE_STRIP = NO;
				CURRENT_PROJECT_VERSION = 1;
				DEBUG_INFORMATION_FORMAT = "dwarf-with-dsym";
				ENABLE_NS_ASSERTIONS = NO;
				ENABLE_STRICT_OBJC_MSGSEND = YES;
				GCC_C_LANGUAGE_STANDARD = gnu11;
				GCC_NO_COMMON_BLOCKS = YES;
				GCC_WARN_64_TO_32_BIT_CONVERSION = YES;
				GCC_WARN_ABOUT_RETURN_TYPE = YES_ERROR;
				GCC_WARN_UNDECLARED_SELECTOR = YES;
				GCC_WARN_UNINITIALIZED_AUTOS = YES_AGGRESSIVE;
				GCC_WARN_UNUSED_FUNCTION = YES;
				GCC_WARN_UNUSED_VARIABLE = YES;
				IPHONEOS_DEPLOYMENT_TARGET = 12.2;
				MTL_ENABLE_DEBUG_INFO = NO;
				MTL_FAST_MATH = YES;
				SDKROOT = iphoneos;
				SWIFT_COMPILATION_MODE = wholemodule;
				SWIFT_OPTIMIZATION_LEVEL = "-O";
				VALIDATE_PRODUCT = YES;
				VERSIONING_SYSTEM = "apple-generic";
				VERSION_INFO_PREFIX = "";
			};
			name = Release;
		};
		FA1067D9225D794F00D9A17D /* Debug */ = {
			isa = XCBuildConfiguration;
			buildSettings = {
				CODE_SIGN_IDENTITY = "";
				CODE_SIGN_STYLE = Automatic;
				DEFINES_MODULE = YES;
				DEVELOPMENT_TEAM = YB435W5MT8;
				DYLIB_COMPATIBILITY_VERSION = 1;
				DYLIB_CURRENT_VERSION = 1;
				DYLIB_INSTALL_NAME_BASE = "@rpath";
				INFOPLIST_FILE = MaterialFields/Info.plist;
				INSTALL_PATH = "$(LOCAL_LIBRARY_DIR)/Frameworks";
				IPHONEOS_DEPLOYMENT_TARGET = 11.0;
				LD_RUNPATH_SEARCH_PATHS = (
					"$(inherited)",
					"@executable_path/Frameworks",
					"@loader_path/Frameworks",
				);
				PRODUCT_BUNDLE_IDENTIFIER = alex.MaterialFields;
				PRODUCT_NAME = "$(TARGET_NAME:c99extidentifier)";
				SKIP_INSTALL = YES;
				SWIFT_VERSION = 5.0;
				TARGETED_DEVICE_FAMILY = "1,2";
			};
			name = Debug;
		};
		FA1067DA225D794F00D9A17D /* Release */ = {
			isa = XCBuildConfiguration;
			buildSettings = {
				CODE_SIGN_IDENTITY = "";
				CODE_SIGN_STYLE = Automatic;
				DEFINES_MODULE = YES;
				DEVELOPMENT_TEAM = YB435W5MT8;
				DYLIB_COMPATIBILITY_VERSION = 1;
				DYLIB_CURRENT_VERSION = 1;
				DYLIB_INSTALL_NAME_BASE = "@rpath";
				INFOPLIST_FILE = MaterialFields/Info.plist;
				INSTALL_PATH = "$(LOCAL_LIBRARY_DIR)/Frameworks";
				IPHONEOS_DEPLOYMENT_TARGET = 11.0;
				LD_RUNPATH_SEARCH_PATHS = (
					"$(inherited)",
					"@executable_path/Frameworks",
					"@loader_path/Frameworks",
				);
				PRODUCT_BUNDLE_IDENTIFIER = alex.MaterialFields;
				PRODUCT_NAME = "$(TARGET_NAME:c99extidentifier)";
				SKIP_INSTALL = YES;
				SWIFT_VERSION = 5.0;
				TARGETED_DEVICE_FAMILY = "1,2";
			};
			name = Release;
		};
/* End XCBuildConfiguration section */

/* Begin XCConfigurationList section */
		FA1067CA225D794F00D9A17D /* Build configuration list for PBXProject "MaterialFields" */ = {
			isa = XCConfigurationList;
			buildConfigurations = (
				FA1067D6225D794F00D9A17D /* Debug */,
				FA1067D7225D794F00D9A17D /* Release */,
			);
			defaultConfigurationIsVisible = 0;
			defaultConfigurationName = Release;
		};
		FA1067D8225D794F00D9A17D /* Build configuration list for PBXNativeTarget "MaterialFields" */ = {
			isa = XCConfigurationList;
			buildConfigurations = (
				FA1067D9225D794F00D9A17D /* Debug */,
				FA1067DA225D794F00D9A17D /* Release */,
			);
			defaultConfigurationIsVisible = 0;
			defaultConfigurationName = Release;
		};
/* End XCConfigurationList section */
	};
	rootObject = FA1067C7225D794F00D9A17D /* Project object */;
}
